
Microsoft Visual Studio Solution File, Format Version 12.00
# Visual Studio 15
VisualStudioVersion = 15.0.28010.2003
MinimumVisualStudioVersion = 10.0.40219.1
Project("{FAE04EC0-301F-11D3-BF4B-00C04F79EFBC}") = "BatailleNavale", "BatailleNavale\BatailleNavale.csproj", "{A5531B03-24B0-4A0E-AA52-B8141B8CBE50}"
EndProject
Global
	GlobalSection(SolutionConfigurationPlatforms) = preSolution
		Debug|Any CPU = Debug|Any CPU
		Release|Any CPU = Release|Any CPU
	EndGlobalSection
	GlobalSection(ProjectConfigurationPlatforms) = postSolution
		{A5531B03-24B0-4A0E-AA52-B8141B8CBE50}.Debug|Any CPU.ActiveCfg = Debug|Any CPU
		{A5531B03-24B0-4A0E-AA52-B8141B8CBE50}.Debug|Any CPU.Build.0 = Debug|Any CPU
		{A5531B03-24B0-4A0E-AA52-B8141B8CBE50}.Release|Any CPU.ActiveCfg = Release|Any CPU
		{A5531B03-24B0-4A0E-AA52-B8141B8CBE50}.Release|Any CPU.Build.0 = Release|Any CPU
	EndGlobalSection
	GlobalSection(SolutionProperties) = preSolution
		HideSolutionNode = FALSE
	EndGlobalSection
	GlobalSection(ExtensibilityGlobals) = postSolution
		SolutionGuid = {615E9C11-DB71-43C7-AAF3-6811B5F080D8}
	EndGlobalSection
EndGlobal
